{
  "requires": true,
  "lockfileVersion": 1,
  "dependencies": {
    "papaparse": {
      "version": "5.0.1",
      "resolved": "https://registry.npmjs.org/papaparse/-/papaparse-5.0.1.tgz",
      "integrity": "sha512-LoM77aP/xSfZP645H3x1X0Qrf7klhGqHUfJH2KHIPvmB4uzezB/1bfvJKI0vp6zD5AfQF46J3URB7uz4Iqe0lg=="
    }
  }
}
